
Microsoft Visual Studio Solution File, Format Version 12.00
# Visual Studio Version 17
VisualStudioVersion = 17.5.002.0
MinimumVisualStudioVersion = 10.0.40219.1
Project("{9A19103F-16F7-4668-BE54-9A1E7A4F7556}") = "peopleInSpace", "peopleInSpace.csproj", "{2A2D2C6F-7531-4C0C-8E08-E51F2E036796}"
EndProject
Global
	GlobalSection(SolutionConfigurationPlatforms) = preSolution
		Debug|Any CPU = Debug|Any CPU
		Release|Any CPU = Release|Any CPU
	EndGlobalSection
	GlobalSection(ProjectConfigurationPlatforms) = postSolution
		{2A2D2C6F-7531-4C0C-8E08-E51F2E036796}.Debug|Any CPU.ActiveCfg = Debug|Any CPU
		{2A2D2C6F-7531-4C0C-8E08-E51F2E036796}.Debug|Any CPU.Build.0 = Debug|Any CPU
		{2A2D2C6F-7531-4C0C-8E08-E51F2E036796}.Release|Any CPU.ActiveCfg = Release|Any CPU
		{2A2D2C6F-7531-4C0C-8E08-E51F2E036796}.Release|Any CPU.Build.0 = Release|Any CPU
	EndGlobalSection
	GlobalSection(SolutionProperties) = preSolution
		HideSolutionNode = FALSE
	EndGlobalSection
	GlobalSection(ExtensibilityGlobals) = postSolution
		SolutionGuid = {A8BD1766-3F30-4237-B96C-2F9EEB49B4D5}
	EndGlobalSection
EndGlobal
